// !$*UTF8*$!
{
	archiveVersion = 1;
	classes = {
	};
	objectVersion = 51;
	objects = {

/* Begin PBXBuildFile section */
		1E3B2817581EE1E6188EB79A /* Pods_CSE438_FinalProject.framework in Frameworks */ = {isa = PBXBuildFile; fileRef = 5840BFA945FB7820C397255A /* Pods_CSE438_FinalProject.framework */; };
		D2B2C0E424C7CEF6005313B3 /* Permutations.swift in Sources */ = {isa = PBXBuildFile; fileRef = D2B2C0E324C7CEF6005313B3 /* Permutations.swift */; };
		D2B2C0E624C7D034005313B3 /* ScheduleViewController.swift in Sources */ = {isa = PBXBuildFile; fileRef = D2B2C0E524C7D034005313B3 /* ScheduleViewController.swift */; };
		D2B2C0E824C7D046005313B3 /* SearchResultsViewController.swift in Sources */ = {isa = PBXBuildFile; fileRef = D2B2C0E724C7D046005313B3 /* SearchResultsViewController.swift */; };
		D2B2C0EA24C7D1F0005313B3 /* Courses.swift in Sources */ = {isa = PBXBuildFile; fileRef = D2B2C0E924C7D1F0005313B3 /* Courses.swift */; };
		D2D6239824C65243006D4BB9 /* AppDelegate.swift in Sources */ = {isa = PBXBuildFile; fileRef = D2D6239724C65243006D4BB9 /* AppDelegate.swift */; };
		D2D6239A24C65243006D4BB9 /* SceneDelegate.swift in Sources */ = {isa = PBXBuildFile; fileRef = D2D6239924C65243006D4BB9 /* SceneDelegate.swift */; };
		D2D6239C24C65243006D4BB9 /* FavoriteViewController.swift in Sources */ = {isa = PBXBuildFile; fileRef = D2D6239B24C65243006D4BB9 /* FavoriteViewController.swift */; };
		D2D6239E24C65243006D4BB9 /* SearchViewController.swift in Sources */ = {isa = PBXBuildFile; fileRef = D2D6239D24C65243006D4BB9 /* SearchViewController.swift */; };
		D2D623A124C65243006D4BB9 /* Main.storyboard in Resources */ = {isa = PBXBuildFile; fileRef = D2D6239F24C65243006D4BB9 /* Main.storyboard */; };
		D2D623A324C65247006D4BB9 /* Assets.xcassets in Resources */ = {isa = PBXBuildFile; fileRef = D2D623A224C65247006D4BB9 /* Assets.xcassets */; };
		D2D623A624C65247006D4BB9 /* LaunchScreen.storyboard in Resources */ = {isa = PBXBuildFile; fileRef = D2D623A424C65247006D4BB9 /* LaunchScreen.storyboard */; };
		F87EE05B24C929E4002A1F48 /* CourseData.swift in Sources */ = {isa = PBXBuildFile; fileRef = F87EE05A24C929E4002A1F48 /* CourseData.swift */; };
		F87EE05D24C9315D002A1F48 /* classes.json in Resources */ = {isa = PBXBuildFile; fileRef = F87EE05C24C9315D002A1F48 /* classes.json */; };
		F87EE05F24C93396002A1F48 /* GetData.swift in Sources */ = {isa = PBXBuildFile; fileRef = F87EE05E24C93396002A1F48 /* GetData.swift */; };
/* End PBXBuildFile section */

/* Begin PBXFileReference section */
		3FED05BD2138E04FEEDF9A5F /* Pods-CSE438_FinalProject.debug.xcconfig */ = {isa = PBXFileReference; includeInIndex = 1; lastKnownFileType = text.xcconfig; name = "Pods-CSE438_FinalProject.debug.xcconfig"; path = "Target Support Files/Pods-CSE438_FinalProject/Pods-CSE438_FinalProject.debug.xcconfig"; sourceTree = "<group>"; };
		41F94F2F228B7F462E1CD25B /* Pods-CSE438_FinalProject.release.xcconfig */ = {isa = PBXFileReference; includeInIndex = 1; lastKnownFileType = text.xcconfig; name = "Pods-CSE438_FinalProject.release.xcconfig"; path = "Target Support Files/Pods-CSE438_FinalProject/Pods-CSE438_FinalProject.release.xcconfig"; sourceTree = "<group>"; };
		5840BFA945FB7820C397255A /* Pods_CSE438_FinalProject.framework */ = {isa = PBXFileReference; explicitFileType = wrapper.framework; includeInIndex = 0; path = Pods_CSE438_FinalProject.framework; sourceTree = BUILT_PRODUCTS_DIR; };
		D2B2C0E324C7CEF6005313B3 /* Permutations.swift */ = {isa = PBXFileReference; lastKnownFileType = sourcecode.swift; path = Permutations.swift; sourceTree = "<group>"; };
		D2B2C0E524C7D034005313B3 /* ScheduleViewController.swift */ = {isa = PBXFileReference; lastKnownFileType = sourcecode.swift; path = ScheduleViewController.swift; sourceTree = "<group>"; };
		D2B2C0E724C7D046005313B3 /* SearchResultsViewController.swift */ = {isa = PBXFileReference; lastKnownFileType = sourcecode.swift; path = SearchResultsViewController.swift; sourceTree = "<group>"; };
		D2B2C0E924C7D1F0005313B3 /* Courses.swift */ = {isa = PBXFileReference; lastKnownFileType = sourcecode.swift; path = Courses.swift; sourceTree = "<group>"; };
		D2D6239424C65243006D4BB9 /* CSE438_FinalProject.app */ = {isa = PBXFileReference; explicitFileType = wrapper.application; includeInIndex = 0; path = CSE438_FinalProject.app; sourceTree = BUILT_PRODUCTS_DIR; };
		D2D6239724C65243006D4BB9 /* AppDelegate.swift */ = {isa = PBXFileReference; lastKnownFileType = sourcecode.swift; path = AppDelegate.swift; sourceTree = "<group>"; };
		D2D6239924C65243006D4BB9 /* SceneDelegate.swift */ = {isa = PBXFileReference; lastKnownFileType = sourcecode.swift; path = SceneDelegate.swift; sourceTree = "<group>"; };
		D2D6239B24C65243006D4BB9 /* FavoriteViewController.swift */ = {isa = PBXFileReference; lastKnownFileType = sourcecode.swift; path = FavoriteViewController.swift; sourceTree = "<group>"; };
		D2D6239D24C65243006D4BB9 /* SearchViewController.swift */ = {isa = PBXFileReference; lastKnownFileType = sourcecode.swift; path = SearchViewController.swift; sourceTree = "<group>"; };
		D2D623A024C65243006D4BB9 /* Base */ = {isa = PBXFileReference; lastKnownFileType = file.storyboard; name = Base; path = Base.lproj/Main.storyboard; sourceTree = "<group>"; };
		D2D623A224C65247006D4BB9 /* Assets.xcassets */ = {isa = PBXFileReference; lastKnownFileType = folder.assetcatalog; path = Assets.xcassets; sourceTree = "<group>"; };
		D2D623A524C65247006D4BB9 /* Base */ = {isa = PBXFileReference; lastKnownFileType = file.storyboard; name = Base; path = Base.lproj/LaunchScreen.storyboard; sourceTree = "<group>"; };
		D2D623A724C65247006D4BB9 /* Info.plist */ = {isa = PBXFileReference; lastKnownFileType = text.plist.xml; path = Info.plist; sourceTree = "<group>"; };
		F87EE05A24C929E4002A1F48 /* CourseData.swift */ = {isa = PBXFileReference; lastKnownFileType = sourcecode.swift; path = CourseData.swift; sourceTree = "<group>"; };
		F87EE05C24C9315D002A1F48 /* classes.json */ = {isa = PBXFileReference; fileEncoding = 4; lastKnownFileType = text.json; name = classes.json; path = ../../../groupProject/classes.json; sourceTree = "<group>"; };
		F87EE05E24C93396002A1F48 /* GetData.swift */ = {isa = PBXFileReference; lastKnownFileType = sourcecode.swift; path = GetData.swift; sourceTree = "<group>"; };
/* End PBXFileReference section */

/* Begin PBXFrameworksBuildPhase section */
		D2D6239124C65243006D4BB9 /* Frameworks */ = {
			isa = PBXFrameworksBuildPhase;
			buildActionMask = 2147483647;
			files = (
				1E3B2817581EE1E6188EB79A /* Pods_CSE438_FinalProject.framework in Frameworks */,
			);
			runOnlyForDeploymentPostprocessing = 0;
		};
/* End PBXFrameworksBuildPhase section */

/* Begin PBXGroup section */
		3438F3D12375660D4D01D707 /* Frameworks */ = {
			isa = PBXGroup;
			children = (
				5840BFA945FB7820C397255A /* Pods_CSE438_FinalProject.framework */,
			);
			name = Frameworks;
			sourceTree = "<group>";
		};
		C3C56FC78AB80ECB8F5280E5 /* Pods */ = {
			isa = PBXGroup;
			children = (
				3FED05BD2138E04FEEDF9A5F /* Pods-CSE438_FinalProject.debug.xcconfig */,
				41F94F2F228B7F462E1CD25B /* Pods-CSE438_FinalProject.release.xcconfig */,
			);
			path = Pods;
			sourceTree = "<group>";
		};
		D2D6238B24C65243006D4BB9 = {
			isa = PBXGroup;
			children = (
				D2D6239624C65243006D4BB9 /* CSE438_FinalProject */,
				D2D6239524C65243006D4BB9 /* Products */,
				C3C56FC78AB80ECB8F5280E5 /* Pods */,
				3438F3D12375660D4D01D707 /* Frameworks */,
			);
			sourceTree = "<group>";
		};
		D2D6239524C65243006D4BB9 /* Products */ = {
			isa = PBXGroup;
			children = (
				D2D6239424C65243006D4BB9 /* CSE438_FinalProject.app */,
			);
			name = Products;
			sourceTree = "<group>";
		};
		D2D6239624C65243006D4BB9 /* CSE438_FinalProject */ = {
			isa = PBXGroup;
			children = (
				F87EE05924C927F6002A1F48 /* Controllers */,
				F87EE05824C927E9002A1F48 /* Data */,
				D2D6239724C65243006D4BB9 /* AppDelegate.swift */,
				D2D6239924C65243006D4BB9 /* SceneDelegate.swift */,
				D2D6239F24C65243006D4BB9 /* Main.storyboard */,
				D2D623A224C65247006D4BB9 /* Assets.xcassets */,
				D2D623A424C65247006D4BB9 /* LaunchScreen.storyboard */,
				D2D623A724C65247006D4BB9 /* Info.plist */,
				D2B2C0E324C7CEF6005313B3 /* Permutations.swift */,
				D2B2C0E924C7D1F0005313B3 /* Courses.swift */,
			);
			path = CSE438_FinalProject;
			sourceTree = "<group>";
		};
		F87EE05824C927E9002A1F48 /* Data */ = {
			isa = PBXGroup;
			children = (
				F87EE05C24C9315D002A1F48 /* classes.json */,
				F87EE05A24C929E4002A1F48 /* CourseData.swift */,
				F87EE05E24C93396002A1F48 /* GetData.swift */,
			);
			path = Data;
			sourceTree = "<group>";
		};
		F87EE05924C927F6002A1F48 /* Controllers */ = {
			isa = PBXGroup;
			children = (
				D2D6239B24C65243006D4BB9 /* FavoriteViewController.swift */,
				D2D6239D24C65243006D4BB9 /* SearchViewController.swift */,
				D2B2C0E524C7D034005313B3 /* ScheduleViewController.swift */,
				D2B2C0E724C7D046005313B3 /* SearchResultsViewController.swift */,
			);
			path = Controllers;
			sourceTree = "<group>";
		};
/* End PBXGroup section */

/* Begin PBXNativeTarget section */
		D2D6239324C65243006D4BB9 /* CSE438_FinalProject */ = {
			isa = PBXNativeTarget;
			buildConfigurationList = D2D623AA24C65247006D4BB9 /* Build configuration list for PBXNativeTarget "CSE438_FinalProject" */;
			buildPhases = (
				63CADD58A3618E01944C27A4 /* [CP] Check Pods Manifest.lock */,
				D2D6239024C65243006D4BB9 /* Sources */,
				D2D6239124C65243006D4BB9 /* Frameworks */,
				D2D6239224C65243006D4BB9 /* Resources */,
				EA1925B13B736019B6E11C97 /* [CP] Embed Pods Frameworks */,
			);
			buildRules = (
			);
			dependencies = (
			);
			name = CSE438_FinalProject;
			productName = CSE438_FinalProject;
			productReference = D2D6239424C65243006D4BB9 /* CSE438_FinalProject.app */;
			productType = "com.apple.product-type.application";
		};
/* End PBXNativeTarget section */

/* Begin PBXProject section */
		D2D6238C24C65243006D4BB9 /* Project object */ = {
			isa = PBXProject;
			attributes = {
				LastSwiftUpdateCheck = 1160;
				LastUpgradeCheck = 1160;
				ORGANIZATIONNAME = "Tejas Prasad";
				TargetAttributes = {
					D2D6239324C65243006D4BB9 = {
						CreatedOnToolsVersion = 11.6;
					};
				};
			};
			buildConfigurationList = D2D6238F24C65243006D4BB9 /* Build configuration list for PBXProject "CSE438_FinalProject" */;
			compatibilityVersion = "Xcode 9.3";
			developmentRegion = en;
			hasScannedForEncodings = 0;
			knownRegions = (
				en,
				Base,
			);
			mainGroup = D2D6238B24C65243006D4BB9;
			productRefGroup = D2D6239524C65243006D4BB9 /* Products */;
			projectDirPath = "";
			projectRoot = "";
			targets = (
				D2D6239324C65243006D4BB9 /* CSE438_FinalProject */,
			);
		};
/* End PBXProject section */

/* Begin PBXResourcesBuildPhase section */
		D2D6239224C65243006D4BB9 /* Resources */ = {
			isa = PBXResourcesBuildPhase;
			buildActionMask = 2147483647;
			files = (
				D2D623A624C65247006D4BB9 /* LaunchScreen.storyboard in Resources */,
				D2D623A324C65247006D4BB9 /* Assets.xcassets in Resources */,
				F87EE05D24C9315D002A1F48 /* classes.json in Resources */,
				D2D623A124C65243006D4BB9 /* Main.storyboard in Resources */,
			);
			runOnlyForDeploymentPostprocessing = 0;
		};
/* End PBXResourcesBuildPhase section */

/* Begin PBXShellScriptBuildPhase section */
		63CADD58A3618E01944C27A4 /* [CP] Check Pods Manifest.lock */ = {
			isa = PBXShellScriptBuildPhase;
			buildActionMask = 2147483647;
			files = (
			);
			inputFileListPaths = (
			);
			inputPaths = (
				"${PODS_PODFILE_DIR_PATH}/Podfile.lock",
				"${PODS_ROOT}/Manifest.lock",
			);
			name = "[CP] Check Pods Manifest.lock";
			outputFileListPaths = (
			);
			outputPaths = (
				"$(DERIVED_FILE_DIR)/Pods-CSE438_FinalProject-checkManifestLockResult.txt",
			);
			runOnlyForDeploymentPostprocessing = 0;
			shellPath = /bin/sh;
			shellScript = "diff \"${PODS_PODFILE_DIR_PATH}/Podfile.lock\" \"${PODS_ROOT}/Manifest.lock\" > /dev/null\nif [ $? != 0 ] ; then\n    # print error to STDERR\n    echo \"error: The sandbox is not in sync with the Podfile.lock. Run 'pod install' or update your CocoaPods installation.\" >&2\n    exit 1\nfi\n# This output is used by Xcode 'outputs' to avoid re-running this script phase.\necho \"SUCCESS\" > \"${SCRIPT_OUTPUT_FILE_0}\"\n";
			showEnvVarsInLog = 0;
		};
		EA1925B13B736019B6E11C97 /* [CP] Embed Pods Frameworks */ = {
			isa = PBXShellScriptBuildPhase;
			buildActionMask = 2147483647;
			files = (
			);
			inputFileListPaths = (
				"${PODS_ROOT}/Target Support Files/Pods-CSE438_FinalProject/Pods-CSE438_FinalProject-frameworks-${CONFIGURATION}-input-files.xcfilelist",
			);
			name = "[CP] Embed Pods Frameworks";
			outputFileListPaths = (
				"${PODS_ROOT}/Target Support Files/Pods-CSE438_FinalProject/Pods-CSE438_FinalProject-frameworks-${CONFIGURATION}-output-files.xcfilelist",
			);
			runOnlyForDeploymentPostprocessing = 0;
			shellPath = /bin/sh;
			shellScript = "\"${PODS_ROOT}/Target Support Files/Pods-CSE438_FinalProject/Pods-CSE438_FinalProject-frameworks.sh\"\n";
			showEnvVarsInLog = 0;
		};
/* End PBXShellScriptBuildPhase section */

/* Begin PBXSourcesBuildPhase section */
		D2D6239024C65243006D4BB9 /* Sources */ = {
			isa = PBXSourcesBuildPhase;
			buildActionMask = 2147483647;
			files = (
				D2D6239E24C65243006D4BB9 /* SearchViewController.swift in Sources */,
				D2D6239C24C65243006D4BB9 /* FavoriteViewController.swift in Sources */,
				D2D6239824C65243006D4BB9 /* AppDelegate.swift in Sources */,
				D2B2C0E624C7D034005313B3 /* ScheduleViewController.swift in Sources */,
				D2B2C0EA24C7D1F0005313B3 /* Courses.swift in Sources */,
				D2D6239A24C65243006D4BB9 /* SceneDelegate.swift in Sources */,
				D2B2C0E824C7D046005313B3 /* SearchResultsViewController.swift in Sources */,
				D2B2C0E424C7CEF6005313B3 /* Permutations.swift in Sources */,
				F87EE05F24C93396002A1F48 /* GetData.swift in Sources */,
				F87EE05B24C929E4002A1F48 /* CourseData.swift in Sources */,
			);
			runOnlyForDeploymentPostprocessing = 0;
		};
/* End PBXSourcesBuildPhase section */

/* Begin PBXVariantGroup section */
		D2D6239F24C65243006D4BB9 /* Main.storyboard */ = {
			isa = PBXVariantGroup;
			children = (
				D2D623A024C65243006D4BB9 /* Base */,
			);
			name = Main.storyboard;
			sourceTree = "<group>";
		};
		D2D623A424C65247006D4BB9 /* LaunchScreen.storyboard */ = {
			isa = PBXVariantGroup;
			children = (
				D2D623A524C65247006D4BB9 /* Base */,
			);
			name = LaunchScreen.storyboard;
			sourceTree = "<group>";
		};
/* End PBXVariantGroup section */

/* Begin XCBuildConfiguration section */
		D2D623A824C65247006D4BB9 /* Debug */ = {
			isa = XCBuildConfiguration;
			buildSettings = {
				ALWAYS_SEARCH_USER_PATHS = NO;
				CLANG_ANALYZER_NONNULL = YES;
				CLANG_ANALYZER_NUMBER_OBJECT_CONVERSION = YES_AGGRESSIVE;
				CLANG_CXX_LANGUAGE_STANDARD = "gnu++14";
				CLANG_CXX_LIBRARY = "libc++";
				CLANG_ENABLE_MODULES = YES;
				CLANG_ENABLE_OBJC_ARC = YES;
				CLANG_ENABLE_OBJC_WEAK = YES;
				CLANG_WARN_BLOCK_CAPTURE_AUTORELEASING = YES;
				CLANG_WARN_BOOL_CONVERSION = YES;
				CLANG_WARN_COMMA = YES;
				CLANG_WARN_CONSTANT_CONVERSION = YES;
				CLANG_WARN_DEPRECATED_OBJC_IMPLEMENTATIONS = YES;
				CLANG_WARN_DIRECT_OBJC_ISA_USAGE = YES_ERROR;
				CLANG_WARN_DOCUMENTATION_COMMENTS = YES;
				CLANG_WARN_EMPTY_BODY = YES;
				CLANG_WARN_ENUM_CONVERSION = YES;
				CLANG_WARN_INFINITE_RECURSION = YES;
				CLANG_WARN_INT_CONVERSION = YES;
				CLANG_WARN_NON_LITERAL_NULL_CONVERSION = YES;
				CLANG_WARN_OBJC_IMPLICIT_RETAIN_SELF = YES;
				CLANG_WARN_OBJC_LITERAL_CONVERSION = YES;
				CLANG_WARN_OBJC_ROOT_CLASS = YES_ERROR;
				CLANG_WARN_RANGE_LOOP_ANALYSIS = YES;
				CLANG_WARN_STRICT_PROTOTYPES = YES;
				CLANG_WARN_SUSPICIOUS_MOVE = YES;
				CLANG_WARN_UNGUARDED_AVAILABILITY = YES_AGGRESSIVE;
				CLANG_WARN_UNREACHABLE_CODE = YES;
				CLANG_WARN__DUPLICATE_METHOD_MATCH = YES;
				COPY_PHASE_STRIP = NO;
				DEBUG_INFORMATION_FORMAT = dwarf;
				ENABLE_STRICT_OBJC_MSGSEND = YES;
				ENABLE_TESTABILITY = YES;
				GCC_C_LANGUAGE_STANDARD = gnu11;
				GCC_DYNAMIC_NO_PIC = NO;
				GCC_NO_COMMON_BLOCKS = YES;
				GCC_OPTIMIZATION_LEVEL = 0;
				GCC_PREPROCESSOR_DEFINITIONS = (
					"DEBUG=1",
					"$(inherited)",
				);
				GCC_WARN_64_TO_32_BIT_CONVERSION = YES;
				GCC_WARN_ABOUT_RETURN_TYPE = YES_ERROR;
				GCC_WARN_UNDECLARED_SELECTOR = YES;
				GCC_WARN_UNINITIALIZED_AUTOS = YES_AGGRESSIVE;
				GCC_WARN_UNUSED_FUNCTION = YES;
				GCC_WARN_UNUSED_VARIABLE = YES;
				IPHONEOS_DEPLOYMENT_TARGET = 13.6;
				MTL_ENABLE_DEBUG_INFO = INCLUDE_SOURCE;
				MTL_FAST_MATH = YES;
				ONLY_ACTIVE_ARCH = YES;
				SDKROOT = iphoneos;
				SWIFT_ACTIVE_COMPILATION_CONDITIONS = DEBUG;
				SWIFT_OPTIMIZATION_LEVEL = "-Onone";
			};
			name = Debug;
		};
		D2D623A924C65247006D4BB9 /* Release */ = {
			isa = XCBuildConfiguration;
			buildSettings = {
				ALWAYS_SEARCH_USER_PATHS = NO;
				CLANG_ANALYZER_NONNULL = YES;
				CLANG_ANALYZER_NUMBER_OBJECT_CONVERSION = YES_AGGRESSIVE;
				CLANG_CXX_LANGUAGE_STANDARD = "gnu++14";
				CLANG_CXX_LIBRARY = "libc++";
				CLANG_ENABLE_MODULES = YES;
				CLANG_ENABLE_OBJC_ARC = YES;
				CLANG_ENABLE_OBJC_WEAK = YES;
				CLANG_WARN_BLOCK_CAPTURE_AUTORELEASING = YES;
				CLANG_WARN_BOOL_CONVERSION = YES;
				CLANG_WARN_COMMA = YES;
				CLANG_WARN_CONSTANT_CONVERSION = YES;
				CLANG_WARN_DEPRECATED_OBJC_IMPLEMENTATIONS = YES;
				CLANG_WARN_DIRECT_OBJC_ISA_USAGE = YES_ERROR;
				CLANG_WARN_DOCUMENTATION_COMMENTS = YES;
				CLANG_WARN_EMPTY_BODY = YES;
				CLANG_WARN_ENUM_CONVERSION = YES;
				CLANG_WARN_INFINITE_RECURSION = YES;
				CLANG_WARN_INT_CONVERSION = YES;
				CLANG_WARN_NON_LITERAL_NULL_CONVERSION = YES;
				CLANG_WARN_OBJC_IMPLICIT_RETAIN_SELF = YES;
				CLANG_WARN_OBJC_LITERAL_CONVERSION = YES;
				CLANG_WARN_OBJC_ROOT_CLASS = YES_ERROR;
				CLANG_WARN_RANGE_LOOP_ANALYSIS = YES;
				CLANG_WARN_STRICT_PROTOTYPES = YES;
				CLANG_WARN_SUSPICIOUS_MOVE = YES;
				CLANG_WARN_UNGUARDED_AVAILABILITY = YES_AGGRESSIVE;
				CLANG_WARN_UNREACHABLE_CODE = YES;
				CLANG_WARN__DUPLICATE_METHOD_MATCH = YES;
				COPY_PHASE_STRIP = NO;
				DEBUG_INFORMATION_FORMAT = "dwarf-with-dsym";
				ENABLE_NS_ASSERTIONS = NO;
				ENABLE_STRICT_OBJC_MSGSEND = YES;
				GCC_C_LANGUAGE_STANDARD = gnu11;
				GCC_NO_COMMON_BLOCKS = YES;
				GCC_WARN_64_TO_32_BIT_CONVERSION = YES;
				GCC_WARN_ABOUT_RETURN_TYPE = YES_ERROR;
				GCC_WARN_UNDECLARED_SELECTOR = YES;
				GCC_WARN_UNINITIALIZED_AUTOS = YES_AGGRESSIVE;
				GCC_WARN_UNUSED_FUNCTION = YES;
				GCC_WARN_UNUSED_VARIABLE = YES;
				IPHONEOS_DEPLOYMENT_TARGET = 13.6;
				MTL_ENABLE_DEBUG_INFO = NO;
				MTL_FAST_MATH = YES;
				SDKROOT = iphoneos;
				SWIFT_COMPILATION_MODE = wholemodule;
				SWIFT_OPTIMIZATION_LEVEL = "-O";
				VALIDATE_PRODUCT = YES;
			};
			name = Release;
		};
		D2D623AB24C65247006D4BB9 /* Debug */ = {
			isa = XCBuildConfiguration;
			baseConfigurationReference = 3FED05BD2138E04FEEDF9A5F /* Pods-CSE438_FinalProject.debug.xcconfig */;
			buildSettings = {
				ASSETCATALOG_COMPILER_APPICON_NAME = AppIcon;
				CODE_SIGN_STYLE = Automatic;
				DEVELOPMENT_TEAM = A97899QP7H;
				INFOPLIST_FILE = CSE438_FinalProject/Info.plist;
				LD_RUNPATH_SEARCH_PATHS = (
					"$(inherited)",
					"@executable_path/Frameworks",
				);
				PRODUCT_BUNDLE_IDENTIFIER = "tprasad.CSE438-FinalProject";
				PRODUCT_NAME = "$(TARGET_NAME)";
				SWIFT_VERSION = 5.0;
				TARGETED_DEVICE_FAMILY = "1,2";
			};
			name = Debug;
		};
		D2D623AC24C65247006D4BB9 /* Release */ = {
			isa = XCBuildConfiguration;
			baseConfigurationReference = 41F94F2F228B7F462E1CD25B /* Pods-CSE438_FinalProject.release.xcconfig */;
			buildSettings = {
				ASSETCATALOG_COMPILER_APPICON_NAME = AppIcon;
				CODE_SIGN_STYLE = Automatic;
				DEVELOPMENT_TEAM = A97899QP7H;
				INFOPLIST_FILE = CSE438_FinalProject/Info.plist;
				LD_RUNPATH_SEARCH_PATHS = (
					"$(inherited)",
					"@executable_path/Frameworks",
				);
				PRODUCT_BUNDLE_IDENTIFIER = "tprasad.CSE438-FinalProject";
				PRODUCT_NAME = "$(TARGET_NAME)";
				SWIFT_VERSION = 5.0;
				TARGETED_DEVICE_FAMILY = "1,2";
			};
			name = Release;
		};
/* End XCBuildConfiguration section */

/* Begin XCConfigurationList section */
		D2D6238F24C65243006D4BB9 /* Build configuration list for PBXProject "CSE438_FinalProject" */ = {
			isa = XCConfigurationList;
			buildConfigurations = (
				D2D623A824C65247006D4BB9 /* Debug */,
				D2D623A924C65247006D4BB9 /* Release */,
			);
			defaultConfigurationIsVisible = 0;
			defaultConfigurationName = Release;
		};
		D2D623AA24C65247006D4BB9 /* Build configuration list for PBXNativeTarget "CSE438_FinalProject" */ = {
			isa = XCConfigurationList;
			buildConfigurations = (
				D2D623AB24C65247006D4BB9 /* Debug */,
				D2D623AC24C65247006D4BB9 /* Release */,
			);
			defaultConfigurationIsVisible = 0;
			defaultConfigurationName = Release;
		};
/* End XCConfigurationList section */
	};
	rootObject = D2D6238C24C65243006D4BB9 /* Project object */;
}
